
Microsoft Visual Studio Solution File, Format Version 12.00
# Visual Studio 15
VisualStudioVersion = 15.0.27924.0
MinimumVisualStudioVersion = 10.0.40219.1
Project("{FAE04EC0-301F-11D3-BF4B-00C04F79EFBC}") = "Sales.Android", "Sales\Sales.Android\Sales.Android.csproj", "{4E6AD528-795D-42A9-BA54-B52AD7464321}"
EndProject
Project("{FAE04EC0-301F-11D3-BF4B-00C04F79EFBC}") = "Sales.iOS", "Sales\Sales.iOS\Sales.iOS.csproj", "{C30A30A3-F187-4120-AF9B-99120AC5547A}"
EndProject
Project("{FAE04EC0-301F-11D3-BF4B-00C04F79EFBC}") = "Sales.UWP", "Sales\Sales.UWP\Sales.UWP.csproj", "{03461934-7C0C-4204-999C-0EC7CCC614C2}"
EndProject
Project("{9A19103F-16F7-4668-BE54-9A1E7A4F7556}") = "Sales", "Sales\Sales\Sales.csproj", "{5D91BBC9-AC96-4E23-AB4E-657684EBBAA8}"
EndProject
Project("{FAE04EC0-301F-11D3-BF4B-00C04F79EFBC}") = "Sales.Backend", "Sales.Backend\Sales.Backend.csproj", "{BD61B276-E59E-41E4-8F2C-4EDF1DF2188D}"
EndProject
Project("{FAE04EC0-301F-11D3-BF4B-00C04F79EFBC}") = "Sales.Api", "Sales.Api\Sales.Api.csproj", "{CACB3E1B-A5F2-4462-95CF-25CED4E77A80}"
EndProject
Project("{FAE04EC0-301F-11D3-BF4B-00C04F79EFBC}") = "Sales.Domain", "Sales.Domain\Sales.Domain.csproj", "{EC30EF49-FC29-492A-A52B-E56B2C04F754}"
EndProject
Project("{FAE04EC0-301F-11D3-BF4B-00C04F79EFBC}") = "Sales.Common", "Sales.Common\Sales.Common.csproj", "{F8500ACD-CA75-4EB7-80B9-705E0A7A4F84}"
EndProject
Global
	GlobalSection(SolutionConfigurationPlatforms) = preSolution
		Ad-Hoc|Any CPU = Ad-Hoc|Any CPU
		Ad-Hoc|ARM = Ad-Hoc|ARM
		Ad-Hoc|iPhone = Ad-Hoc|iPhone
		Ad-Hoc|iPhoneSimulator = Ad-Hoc|iPhoneSimulator
		Ad-Hoc|x64 = Ad-Hoc|x64
		Ad-Hoc|x86 = Ad-Hoc|x86
		AppStore|Any CPU = AppStore|Any CPU
		AppStore|ARM = AppStore|ARM
		AppStore|iPhone = AppStore|iPhone
		AppStore|iPhoneSimulator = AppStore|iPhoneSimulator
		AppStore|x64 = AppStore|x64
		AppStore|x86 = AppStore|x86
		Debug|Any CPU = Debug|Any CPU
		Debug|ARM = Debug|ARM
		Debug|iPhone = Debug|iPhone
		Debug|iPhoneSimulator = Debug|iPhoneSimulator
		Debug|x64 = Debug|x64
		Debug|x86 = Debug|x86
		Release|Any CPU = Release|Any CPU
		Release|ARM = Release|ARM
		Release|iPhone = Release|iPhone
		Release|iPhoneSimulator = Release|iPhoneSimulator
		Release|x64 = Release|x64
		Release|x86 = Release|x86
	EndGlobalSection
	GlobalSection(ProjectConfigurationPlatforms) = postSolution
		{4E6AD528-795D-42A9-BA54-B52AD7464321}.Ad-Hoc|Any CPU.ActiveCfg = Release|Any CPU
		{4E6AD528-795D-42A9-BA54-B52AD7464321}.Ad-Hoc|Any CPU.Build.0 = Release|Any CPU
		{4E6AD528-795D-42A9-BA54-B52AD7464321}.Ad-Hoc|Any CPU.Deploy.0 = Release|Any CPU
		{4E6AD528-795D-42A9-BA54-B52AD7464321}.Ad-Hoc|ARM.ActiveCfg = Release|Any CPU
		{4E6AD528-795D-42A9-BA54-B52AD7464321}.Ad-Hoc|ARM.Build.0 = Release|Any CPU
		{4E6AD528-795D-42A9-BA54-B52AD7464321}.Ad-Hoc|ARM.Deploy.0 = Release|Any CPU
		{4E6AD528-795D-42A9-BA54-B52AD7464321}.Ad-Hoc|iPhone.ActiveCfg = Release|Any CPU
		{4E6AD528-795D-42A9-BA54-B52AD7464321}.Ad-Hoc|iPhone.Build.0 = Release|Any CPU
		{4E6AD528-795D-42A9-BA54-B52AD7464321}.Ad-Hoc|iPhone.Deploy.0 = Release|Any CPU
		{4E6AD528-795D-42A9-BA54-B52AD7464321}.Ad-Hoc|iPhoneSimulator.ActiveCfg = Release|Any CPU
		{4E6AD528-795D-42A9-BA54-B52AD7464321}.Ad-Hoc|iPhoneSimulator.Build.0 = Release|Any CPU
		{4E6AD528-795D-42A9-BA54-B52AD7464321}.Ad-Hoc|iPhoneSimulator.Deploy.0 = Release|Any CPU
		{4E6AD528-795D-42A9-BA54-B52AD7464321}.Ad-Hoc|x64.ActiveCfg = Release|Any CPU
		{4E6AD528-795D-42A9-BA54-B52AD7464321}.Ad-Hoc|x64.Build.0 = Release|Any CPU
		{4E6AD528-795D-42A9-BA54-B52AD7464321}.Ad-Hoc|x64.Deploy.0 = Release|Any CPU
		{4E6AD528-795D-42A9-BA54-B52AD7464321}.Ad-Hoc|x86.ActiveCfg = Release|Any CPU
		{4E6AD528-795D-42A9-BA54-B52AD7464321}.Ad-Hoc|x86.Build.0 = Release|Any CPU
		{4E6AD528-795D-42A9-BA54-B52AD7464321}.Ad-Hoc|x86.Deploy.0 = Release|Any CPU
		{4E6AD528-795D-42A9-BA54-B52AD7464321}.AppStore|Any CPU.ActiveCfg = Release|Any CPU
		{4E6AD528-795D-42A9-BA54-B52AD7464321}.AppStore|Any CPU.Build.0 = Release|Any CPU
		{4E6AD528-795D-42A9-BA54-B52AD7464321}.AppStore|Any CPU.Deploy.0 = Release|Any CPU
		{4E6AD528-795D-42A9-BA54-B52AD7464321}.AppStore|ARM.ActiveCfg = Release|Any CPU
		{4E6AD528-795D-42A9-BA54-B52AD7464321}.AppStore|ARM.Build.0 = Release|Any CPU
		{4E6AD528-795D-42A9-BA54-B52AD7464321}.AppStore|ARM.Deploy.0 = Release|Any CPU
		{4E6AD528-795D-42A9-BA54-B52AD7464321}.AppStore|iPhone.ActiveCfg = Release|Any CPU
		{4E6AD528-795D-42A9-BA54-B52AD7464321}.AppStore|iPhone.Build.0 = Release|Any CPU
		{4E6AD528-795D-42A9-BA54-B52AD7464321}.AppStore|iPhone.Deploy.0 = Release|Any CPU
		{4E6AD528-795D-42A9-BA54-B52AD7464321}.AppStore|iPhoneSimulator.ActiveCfg = Release|Any CPU
		{4E6AD528-795D-42A9-BA54-B52AD7464321}.AppStore|iPhoneSimulator.Build.0 = Release|Any CPU
		{4E6AD528-795D-42A9-BA54-B52AD7464321}.AppStore|iPhoneSimulator.Deploy.0 = Release|Any CPU
		{4E6AD528-795D-42A9-BA54-B52AD7464321}.AppStore|x64.ActiveCfg = Release|Any CPU
		{4E6AD528-795D-42A9-BA54-B52AD7464321}.AppStore|x64.Build.0 = Release|Any CPU
		{4E6AD528-795D-42A9-BA54-B52AD7464321}.AppStore|x64.Deploy.0 = Release|Any CPU
		{4E6AD528-795D-42A9-BA54-B52AD7464321}.AppStore|x86.ActiveCfg = Release|Any CPU
		{4E6AD528-795D-42A9-BA54-B52AD7464321}.AppStore|x86.Build.0 = Release|Any CPU
		{4E6AD528-795D-42A9-BA54-B52AD7464321}.AppStore|x86.Deploy.0 = Release|Any CPU
		{4E6AD528-795D-42A9-BA54-B52AD7464321}.Debug|Any CPU.ActiveCfg = Debug|Any CPU
		{4E6AD528-795D-42A9-BA54-B52AD7464321}.Debug|Any CPU.Build.0 = Debug|Any CPU
		{4E6AD528-795D-42A9-BA54-B52AD7464321}.Debug|Any CPU.Deploy.0 = Debug|Any CPU
		{4E6AD528-795D-42A9-BA54-B52AD7464321}.Debug|ARM.ActiveCfg = Debug|Any CPU
		{4E6AD528-795D-42A9-BA54-B52AD7464321}.Debug|ARM.Build.0 = Debug|Any CPU
		{4E6AD528-795D-42A9-BA54-B52AD7464321}.Debug|ARM.Deploy.0 = Debug|Any CPU
		{4E6AD528-795D-42A9-BA54-B52AD7464321}.Debug|iPhone.ActiveCfg = Debug|Any CPU
		{4E6AD528-795D-42A9-BA54-B52AD7464321}.Debug|iPhone.Build.0 = Debug|Any CPU
		{4E6AD528-795D-42A9-BA54-B52AD7464321}.Debug|iPhone.Deploy.0 = Debug|Any CPU
		{4E6AD528-795D-42A9-BA54-B52AD7464321}.Debug|iPhoneSimulator.ActiveCfg = Debug|Any CPU
		{4E6AD528-795D-42A9-BA54-B52AD7464321}.Debug|iPhoneSimulator.Build.0 = Debug|Any CPU
		{4E6AD528-795D-42A9-BA54-B52AD7464321}.Debug|iPhoneSimulator.Deploy.0 = Debug|Any CPU
		{4E6AD528-795D-42A9-BA54-B52AD7464321}.Debug|x64.ActiveCfg = Debug|Any CPU
		{4E6AD528-795D-42A9-BA54-B52AD7464321}.Debug|x64.Build.0 = Debug|Any CPU
		{4E6AD528-795D-42A9-BA54-B52AD7464321}.Debug|x64.Deploy.0 = Debug|Any CPU
		{4E6AD528-795D-42A9-BA54-B52AD7464321}.Debug|x86.ActiveCfg = Debug|Any CPU
		{4E6AD528-795D-42A9-BA54-B52AD7464321}.Debug|x86.Build.0 = Debug|Any CPU
		{4E6AD528-795D-42A9-BA54-B52AD7464321}.Debug|x86.Deploy.0 = Debug|Any CPU
		{4E6AD528-795D-42A9-BA54-B52AD7464321}.Release|Any CPU.ActiveCfg = Release|Any CPU
		{4E6AD528-795D-42A9-BA54-B52AD7464321}.Release|Any CPU.Build.0 = Release|Any CPU
		{4E6AD528-795D-42A9-BA54-B52AD7464321}.Release|Any CPU.Deploy.0 = Release|Any CPU
		{4E6AD528-795D-42A9-BA54-B52AD7464321}.Release|ARM.ActiveCfg = Release|Any CPU
		{4E6AD528-795D-42A9-BA54-B52AD7464321}.Release|ARM.Build.0 = Release|Any CPU
		{4E6AD528-795D-42A9-BA54-B52AD7464321}.Release|ARM.Deploy.0 = Release|Any CPU
		{4E6AD528-795D-42A9-BA54-B52AD7464321}.Release|iPhone.ActiveCfg = Release|Any CPU
		{4E6AD528-795D-42A9-BA54-B52AD7464321}.Release|iPhone.Build.0 = Release|Any CPU
		{4E6AD528-795D-42A9-BA54-B52AD7464321}.Release|iPhone.Deploy.0 = Release|Any CPU
		{4E6AD528-795D-42A9-BA54-B52AD7464321}.Release|iPhoneSimulator.ActiveCfg = Release|Any CPU
		{4E6AD528-795D-42A9-BA54-B52AD7464321}.Release|iPhoneSimulator.Build.0 = Release|Any CPU
		{4E6AD528-795D-42A9-BA54-B52AD7464321}.Release|iPhoneSimulator.Deploy.0 = Release|Any CPU
		{4E6AD528-795D-42A9-BA54-B52AD7464321}.Release|x64.ActiveCfg = Release|Any CPU
		{4E6AD528-795D-42A9-BA54-B52AD7464321}.Release|x64.Build.0 = Release|Any CPU
		{4E6AD528-795D-42A9-BA54-B52AD7464321}.Release|x64.Deploy.0 = Release|Any CPU
		{4E6AD528-795D-42A9-BA54-B52AD7464321}.Release|x86.ActiveCfg = Release|Any CPU
		{4E6AD528-795D-42A9-BA54-B52AD7464321}.Release|x86.Build.0 = Release|Any CPU
		{4E6AD528-795D-42A9-BA54-B52AD7464321}.Release|x86.Deploy.0 = Release|Any CPU
		{C30A30A3-F187-4120-AF9B-99120AC5547A}.Ad-Hoc|Any CPU.ActiveCfg = Ad-Hoc|iPhone
		{C30A30A3-F187-4120-AF9B-99120AC5547A}.Ad-Hoc|Any CPU.Build.0 = Ad-Hoc|iPhone
		{C30A30A3-F187-4120-AF9B-99120AC5547A}.Ad-Hoc|Any CPU.Deploy.0 = Ad-Hoc|iPhone
		{C30A30A3-F187-4120-AF9B-99120AC5547A}.Ad-Hoc|ARM.ActiveCfg = Ad-Hoc|iPhone
		{C30A30A3-F187-4120-AF9B-99120AC5547A}.Ad-Hoc|ARM.Build.0 = Ad-Hoc|iPhone
		{C30A30A3-F187-4120-AF9B-99120AC5547A}.Ad-Hoc|ARM.Deploy.0 = Ad-Hoc|iPhone
		{C30A30A3-F187-4120-AF9B-99120AC5547A}.Ad-Hoc|iPhone.ActiveCfg = Ad-Hoc|iPhone
		{C30A30A3-F187-4120-AF9B-99120AC5547A}.Ad-Hoc|iPhone.Build.0 = Ad-Hoc|iPhone
		{C30A30A3-F187-4120-AF9B-99120AC5547A}.Ad-Hoc|iPhone.Deploy.0 = Ad-Hoc|iPhone
		{C30A30A3-F187-4120-AF9B-99120AC5547A}.Ad-Hoc|iPhoneSimulator.ActiveCfg = Ad-Hoc|iPhoneSimulator
		{C30A30A3-F187-4120-AF9B-99120AC5547A}.Ad-Hoc|iPhoneSimulator.Build.0 = Ad-Hoc|iPhoneSimulator
		{C30A30A3-F187-4120-AF9B-99120AC5547A}.Ad-Hoc|iPhoneSimulator.Deploy.0 = Ad-Hoc|iPhoneSimulator
		{C30A30A3-F187-4120-AF9B-99120AC5547A}.Ad-Hoc|x64.ActiveCfg = Ad-Hoc|iPhone
		{C30A30A3-F187-4120-AF9B-99120AC5547A}.Ad-Hoc|x64.Build.0 = Ad-Hoc|iPhone
		{C30A30A3-F187-4120-AF9B-99120AC5547A}.Ad-Hoc|x64.Deploy.0 = Ad-Hoc|iPhone
		{C30A30A3-F187-4120-AF9B-99120AC5547A}.Ad-Hoc|x86.ActiveCfg = Ad-Hoc|iPhone
		{C30A30A3-F187-4120-AF9B-99120AC5547A}.Ad-Hoc|x86.Build.0 = Ad-Hoc|iPhone
		{C30A30A3-F187-4120-AF9B-99120AC5547A}.Ad-Hoc|x86.Deploy.0 = Ad-Hoc|iPhone
		{C30A30A3-F187-4120-AF9B-99120AC5547A}.AppStore|Any CPU.ActiveCfg = AppStore|iPhone
		{C30A30A3-F187-4120-AF9B-99120AC5547A}.AppStore|Any CPU.Build.0 = AppStore|iPhone
		{C30A30A3-F187-4120-AF9B-99120AC5547A}.AppStore|Any CPU.Deploy.0 = AppStore|iPhone
		{C30A30A3-F187-4120-AF9B-99120AC5547A}.AppStore|ARM.ActiveCfg = AppStore|iPhone
		{C30A30A3-F187-4120-AF9B-99120AC5547A}.AppStore|ARM.Build.0 = AppStore|iPhone
		{C30A30A3-F187-4120-AF9B-99120AC5547A}.AppStore|ARM.Deploy.0 = AppStore|iPhone
		{C30A30A3-F187-4120-AF9B-99120AC5547A}.AppStore|iPhone.ActiveCfg = AppStore|iPhone
		{C30A30A3-F187-4120-AF9B-99120AC5547A}.AppStore|iPhone.Build.0 = AppStore|iPhone
		{C30A30A3-F187-4120-AF9B-99120AC5547A}.AppStore|iPhone.Deploy.0 = AppStore|iPhone
		{C30A30A3-F187-4120-AF9B-99120AC5547A}.AppStore|iPhoneSimulator.ActiveCfg = AppStore|iPhoneSimulator
		{C30A30A3-F187-4120-AF9B-99120AC5547A}.AppStore|iPhoneSimulator.Build.0 = AppStore|iPhoneSimulator
		{C30A30A3-F187-4120-AF9B-99120AC5547A}.AppStore|iPhoneSimulator.Deploy.0 = AppStore|iPhoneSimulator
		{C30A30A3-F187-4120-AF9B-99120AC5547A}.AppStore|x64.ActiveCfg = AppStore|iPhone
		{C30A30A3-F187-4120-AF9B-99120AC5547A}.AppStore|x64.Build.0 = AppStore|iPhone
		{C30A30A3-F187-4120-AF9B-99120AC5547A}.AppStore|x64.Deploy.0 = AppStore|iPhone
		{C30A30A3-F187-4120-AF9B-99120AC5547A}.AppStore|x86.ActiveCfg = AppStore|iPhone
		{C30A30A3-F187-4120-AF9B-99120AC5547A}.AppStore|x86.Build.0 = AppStore|iPhone
		{C30A30A3-F187-4120-AF9B-99120AC5547A}.AppStore|x86.Deploy.0 = AppStore|iPhone
		{C30A30A3-F187-4120-AF9B-99120AC5547A}.Debug|Any CPU.ActiveCfg = Debug|iPhoneSimulator
		{C30A30A3-F187-4120-AF9B-99120AC5547A}.Debug|Any CPU.Build.0 = Debug|iPhoneSimulator
		{C30A30A3-F187-4120-AF9B-99120AC5547A}.Debug|Any CPU.Deploy.0 = Debug|iPhoneSimulator
		{C30A30A3-F187-4120-AF9B-99120AC5547A}.Debug|ARM.ActiveCfg = Debug|iPhone
		{C30A30A3-F187-4120-AF9B-99120AC5547A}.Debug|ARM.Build.0 = Debug|iPhone
		{C30A30A3-F187-4120-AF9B-99120AC5547A}.Debug|ARM.Deploy.0 = Debug|iPhone
		{C30A30A3-F187-4120-AF9B-99120AC5547A}.Debug|iPhone.ActiveCfg = Debug|iPhone
		{C30A30A3-F187-4120-AF9B-99120AC5547A}.Debug|iPhone.Build.0 = Debug|iPhone
		{C30A30A3-F187-4120-AF9B-99120AC5547A}.Debug|iPhone.Deploy.0 = Debug|iPhone
		{C30A30A3-F187-4120-AF9B-99120AC5547A}.Debug|iPhoneSimulator.ActiveCfg = Debug|iPhoneSimulator
		{C30A30A3-F187-4120-AF9B-99120AC5547A}.Debug|iPhoneSimulator.Build.0 = Debug|iPhoneSimulator
		{C30A30A3-F187-4120-AF9B-99120AC5547A}.Debug|iPhoneSimulator.Deploy.0 = Debug|iPhoneSimulator
		{C30A30A3-F187-4120-AF9B-99120AC5547A}.Debug|x64.ActiveCfg = Debug|iPhone
		{C30A30A3-F187-4120-AF9B-99120AC5547A}.Debug|x64.Build.0 = Debug|iPhone
		{C30A30A3-F187-4120-AF9B-99120AC5547A}.Debug|x64.Deploy.0 = Debug|iPhone
		{C30A30A3-F187-4120-AF9B-99120AC5547A}.Debug|x86.ActiveCfg = Debug|iPhone
		{C30A30A3-F187-4120-AF9B-99120AC5547A}.Debug|x86.Build.0 = Debug|iPhone
		{C30A30A3-F187-4120-AF9B-99120AC5547A}.Debug|x86.Deploy.0 = Debug|iPhone
		{C30A30A3-F187-4120-AF9B-99120AC5547A}.Release|Any CPU.ActiveCfg = Release|iPhone
		{C30A30A3-F187-4120-AF9B-99120AC5547A}.Release|Any CPU.Build.0 = Release|iPhone
		{C30A30A3-F187-4120-AF9B-99120AC5547A}.Release|Any CPU.Deploy.0 = Release|iPhone
		{C30A30A3-F187-4120-AF9B-99120AC5547A}.Release|ARM.ActiveCfg = Release|iPhone
		{C30A30A3-F187-4120-AF9B-99120AC5547A}.Release|ARM.Build.0 = Release|iPhone
		{C30A30A3-F187-4120-AF9B-99120AC5547A}.Release|ARM.Deploy.0 = Release|iPhone
		{C30A30A3-F187-4120-AF9B-99120AC5547A}.Release|iPhone.ActiveCfg = Release|iPhone
		{C30A30A3-F187-4120-AF9B-99120AC5547A}.Release|iPhone.Build.0 = Release|iPhone
		{C30A30A3-F187-4120-AF9B-99120AC5547A}.Release|iPhone.Deploy.0 = Release|iPhone
		{C30A30A3-F187-4120-AF9B-99120AC5547A}.Release|iPhoneSimulator.ActiveCfg = Release|iPhoneSimulator
		{C30A30A3-F187-4120-AF9B-99120AC5547A}.Release|iPhoneSimulator.Build.0 = Release|iPhoneSimulator
		{C30A30A3-F187-4120-AF9B-99120AC5547A}.Release|iPhoneSimulator.Deploy.0 = Release|iPhoneSimulator
		{C30A30A3-F187-4120-AF9B-99120AC5547A}.Release|x64.ActiveCfg = Release|iPhone
		{C30A30A3-F187-4120-AF9B-99120AC5547A}.Release|x64.Build.0 = Release|iPhone
		{C30A30A3-F187-4120-AF9B-99120AC5547A}.Release|x64.Deploy.0 = Release|iPhone
		{C30A30A3-F187-4120-AF9B-99120AC5547A}.Release|x86.ActiveCfg = Release|iPhone
		{C30A30A3-F187-4120-AF9B-99120AC5547A}.Release|x86.Build.0 = Release|iPhone
		{C30A30A3-F187-4120-AF9B-99120AC5547A}.Release|x86.Deploy.0 = Release|iPhone
		{03461934-7C0C-4204-999C-0EC7CCC614C2}.Ad-Hoc|Any CPU.ActiveCfg = Release|x86
		{03461934-7C0C-4204-999C-0EC7CCC614C2}.Ad-Hoc|Any CPU.Build.0 = Release|x86
		{03461934-7C0C-4204-999C-0EC7CCC614C2}.Ad-Hoc|Any CPU.Deploy.0 = Release|x86
		{03461934-7C0C-4204-999C-0EC7CCC614C2}.Ad-Hoc|ARM.ActiveCfg = Release|ARM
		{03461934-7C0C-4204-999C-0EC7CCC614C2}.Ad-Hoc|ARM.Build.0 = Release|ARM
		{03461934-7C0C-4204-999C-0EC7CCC614C2}.Ad-Hoc|ARM.Deploy.0 = Release|ARM
		{03461934-7C0C-4204-999C-0EC7CCC614C2}.Ad-Hoc|iPhone.ActiveCfg = Release|x86
		{03461934-7C0C-4204-999C-0EC7CCC614C2}.Ad-Hoc|iPhone.Build.0 = Release|x86
		{03461934-7C0C-4204-999C-0EC7CCC614C2}.Ad-Hoc|iPhone.Deploy.0 = Release|x86
		{03461934-7C0C-4204-999C-0EC7CCC614C2}.Ad-Hoc|iPhoneSimulator.ActiveCfg = Release|x86
		{03461934-7C0C-4204-999C-0EC7CCC614C2}.Ad-Hoc|iPhoneSimulator.Build.0 = Release|x86
		{03461934-7C0C-4204-999C-0EC7CCC614C2}.Ad-Hoc|iPhoneSimulator.Deploy.0 = Release|x86
		{03461934-7C0C-4204-999C-0EC7CCC614C2}.Ad-Hoc|x64.ActiveCfg = Release|x64
		{03461934-7C0C-4204-999C-0EC7CCC614C2}.Ad-Hoc|x64.Build.0 = Release|x64
		{03461934-7C0C-4204-999C-0EC7CCC614C2}.Ad-Hoc|x64.Deploy.0 = Release|x64
		{03461934-7C0C-4204-999C-0EC7CCC614C2}.Ad-Hoc|x86.ActiveCfg = Release|x86
		{03461934-7C0C-4204-999C-0EC7CCC614C2}.Ad-Hoc|x86.Build.0 = Release|x86
		{03461934-7C0C-4204-999C-0EC7CCC614C2}.Ad-Hoc|x86.Deploy.0 = Release|x86
		{03461934-7C0C-4204-999C-0EC7CCC614C2}.AppStore|Any CPU.ActiveCfg = Release|x86
		{03461934-7C0C-4204-999C-0EC7CCC614C2}.AppStore|Any CPU.Build.0 = Release|x86
		{03461934-7C0C-4204-999C-0EC7CCC614C2}.AppStore|Any CPU.Deploy.0 = Release|x86
		{03461934-7C0C-4204-999C-0EC7CCC614C2}.AppStore|ARM.ActiveCfg = Release|ARM
		{03461934-7C0C-4204-999C-0EC7CCC614C2}.AppStore|ARM.Build.0 = Release|ARM
		{03461934-7C0C-4204-999C-0EC7CCC614C2}.AppStore|ARM.Deploy.0 = Release|ARM
		{03461934-7C0C-4204-999C-0EC7CCC614C2}.AppStore|iPhone.ActiveCfg = Release|x86
		{03461934-7C0C-4204-999C-0EC7CCC614C2}.AppStore|iPhone.Build.0 = Release|x86
		{03461934-7C0C-4204-999C-0EC7CCC614C2}.AppStore|iPhone.Deploy.0 = Release|x86
		{03461934-7C0C-4204-999C-0EC7CCC614C2}.AppStore|iPhoneSimulator.ActiveCfg = Release|x86
		{03461934-7C0C-4204-999C-0EC7CCC614C2}.AppStore|iPhoneSimulator.Build.0 = Release|x86
		{03461934-7C0C-4204-999C-0EC7CCC614C2}.AppStore|iPhoneSimulator.Deploy.0 = Release|x86
		{03461934-7C0C-4204-999C-0EC7CCC614C2}.AppStore|x64.ActiveCfg = Release|x64
		{03461934-7C0C-4204-999C-0EC7CCC614C2}.AppStore|x64.Build.0 = Release|x64
		{03461934-7C0C-4204-999C-0EC7CCC614C2}.AppStore|x64.Deploy.0 = Release|x64
		{03461934-7C0C-4204-999C-0EC7CCC614C2}.AppStore|x86.ActiveCfg = Release|x86
		{03461934-7C0C-4204-999C-0EC7CCC614C2}.AppStore|x86.Build.0 = Release|x86
		{03461934-7C0C-4204-999C-0EC7CCC614C2}.AppStore|x86.Deploy.0 = Release|x86
		{03461934-7C0C-4204-999C-0EC7CCC614C2}.Debug|Any CPU.ActiveCfg = Debug|x86
		{03461934-7C0C-4204-999C-0EC7CCC614C2}.Debug|Any CPU.Build.0 = Debug|x86
		{03461934-7C0C-4204-999C-0EC7CCC614C2}.Debug|Any CPU.Deploy.0 = Debug|x86
		{03461934-7C0C-4204-999C-0EC7CCC614C2}.Debug|ARM.ActiveCfg = Debug|ARM
		{03461934-7C0C-4204-999C-0EC7CCC614C2}.Debug|ARM.Build.0 = Debug|ARM
		{03461934-7C0C-4204-999C-0EC7CCC614C2}.Debug|ARM.Deploy.0 = Debug|ARM
		{03461934-7C0C-4204-999C-0EC7CCC614C2}.Debug|iPhone.ActiveCfg = Debug|x86
		{03461934-7C0C-4204-999C-0EC7CCC614C2}.Debug|iPhone.Build.0 = Debug|x86
		{03461934-7C0C-4204-999C-0EC7CCC614C2}.Debug|iPhone.Deploy.0 = Debug|x86
		{03461934-7C0C-4204-999C-0EC7CCC614C2}.Debug|iPhoneSimulator.ActiveCfg = Debug|x86
		{03461934-7C0C-4204-999C-0EC7CCC614C2}.Debug|iPhoneSimulator.Build.0 = Debug|x86
		{03461934-7C0C-4204-999C-0EC7CCC614C2}.Debug|iPhoneSimulator.Deploy.0 = Debug|x86
		{03461934-7C0C-4204-999C-0EC7CCC614C2}.Debug|x64.ActiveCfg = Debug|x64
		{03461934-7C0C-4204-999C-0EC7CCC614C2}.Debug|x64.Build.0 = Debug|x64
		{03461934-7C0C-4204-999C-0EC7CCC614C2}.Debug|x64.Deploy.0 = Debug|x64
		{03461934-7C0C-4204-999C-0EC7CCC614C2}.Debug|x86.ActiveCfg = Debug|x86
		{03461934-7C0C-4204-999C-0EC7CCC614C2}.Debug|x86.Build.0 = Debug|x86
		{03461934-7C0C-4204-999C-0EC7CCC614C2}.Debug|x86.Deploy.0 = Debug|x86
		{03461934-7C0C-4204-999C-0EC7CCC614C2}.Release|Any CPU.ActiveCfg = Release|x86
		{03461934-7C0C-4204-999C-0EC7CCC614C2}.Release|Any CPU.Build.0 = Release|x86
		{03461934-7C0C-4204-999C-0EC7CCC614C2}.Release|Any CPU.Deploy.0 = Release|x86
		{03461934-7C0C-4204-999C-0EC7CCC614C2}.Release|ARM.ActiveCfg = Release|ARM
		{03461934-7C0C-4204-999C-0EC7CCC614C2}.Release|ARM.Build.0 = Release|ARM
		{03461934-7C0C-4204-999C-0EC7CCC614C2}.Release|ARM.Deploy.0 = Release|ARM
		{03461934-7C0C-4204-999C-0EC7CCC614C2}.Release|iPhone.ActiveCfg = Release|x86
		{03461934-7C0C-4204-999C-0EC7CCC614C2}.Release|iPhone.Build.0 = Release|x86
		{03461934-7C0C-4204-999C-0EC7CCC614C2}.Release|iPhone.Deploy.0 = Release|x86
		{03461934-7C0C-4204-999C-0EC7CCC614C2}.Release|iPhoneSimulator.ActiveCfg = Release|x86
		{03461934-7C0C-4204-999C-0EC7CCC614C2}.Release|iPhoneSimulator.Build.0 = Release|x86
		{03461934-7C0C-4204-999C-0EC7CCC614C2}.Release|iPhoneSimulator.Deploy.0 = Release|x86
		{03461934-7C0C-4204-999C-0EC7CCC614C2}.Release|x64.ActiveCfg = Release|x64
		{03461934-7C0C-4204-999C-0EC7CCC614C2}.Release|x64.Build.0 = Release|x64
		{03461934-7C0C-4204-999C-0EC7CCC614C2}.Release|x64.Deploy.0 = Release|x64
		{03461934-7C0C-4204-999C-0EC7CCC614C2}.Release|x86.ActiveCfg = Release|x86
		{03461934-7C0C-4204-999C-0EC7CCC614C2}.Release|x86.Build.0 = Release|x86
		{03461934-7C0C-4204-999C-0EC7CCC614C2}.Release|x86.Deploy.0 = Release|x86
		{5D91BBC9-AC96-4E23-AB4E-657684EBBAA8}.Ad-Hoc|Any CPU.ActiveCfg = Debug|Any CPU
		{5D91BBC9-AC96-4E23-AB4E-657684EBBAA8}.Ad-Hoc|Any CPU.Build.0 = Debug|Any CPU
		{5D91BBC9-AC96-4E23-AB4E-657684EBBAA8}.Ad-Hoc|Any CPU.Deploy.0 = Debug|Any CPU
		{5D91BBC9-AC96-4E23-AB4E-657684EBBAA8}.Ad-Hoc|ARM.ActiveCfg = Debug|Any CPU
		{5D91BBC9-AC96-4E23-AB4E-657684EBBAA8}.Ad-Hoc|ARM.Build.0 = Debug|Any CPU
		{5D91BBC9-AC96-4E23-AB4E-657684EBBAA8}.Ad-Hoc|ARM.Deploy.0 = Debug|Any CPU
		{5D91BBC9-AC96-4E23-AB4E-657684EBBAA8}.Ad-Hoc|iPhone.ActiveCfg = Debug|Any CPU
		{5D91BBC9-AC96-4E23-AB4E-657684EBBAA8}.Ad-Hoc|iPhone.Build.0 = Debug|Any CPU
		{5D91BBC9-AC96-4E23-AB4E-657684EBBAA8}.Ad-Hoc|iPhone.Deploy.0 = Debug|Any CPU
		{5D91BBC9-AC96-4E23-AB4E-657684EBBAA8}.Ad-Hoc|iPhoneSimulator.ActiveCfg = Debug|Any CPU
		{5D91BBC9-AC96-4E23-AB4E-657684EBBAA8}.Ad-Hoc|iPhoneSimulator.Build.0 = Debug|Any CPU
		{5D91BBC9-AC96-4E23-AB4E-657684EBBAA8}.Ad-Hoc|iPhoneSimulator.Deploy.0 = Debug|Any CPU
		{5D91BBC9-AC96-4E23-AB4E-657684EBBAA8}.Ad-Hoc|x64.ActiveCfg = Debug|Any CPU
		{5D91BBC9-AC96-4E23-AB4E-657684EBBAA8}.Ad-Hoc|x64.Build.0 = Debug|Any CPU
		{5D91BBC9-AC96-4E23-AB4E-657684EBBAA8}.Ad-Hoc|x64.Deploy.0 = Debug|Any CPU
		{5D91BBC9-AC96-4E23-AB4E-657684EBBAA8}.Ad-Hoc|x86.ActiveCfg = Debug|Any CPU
		{5D91BBC9-AC96-4E23-AB4E-657684EBBAA8}.Ad-Hoc|x86.Build.0 = Debug|Any CPU
		{5D91BBC9-AC96-4E23-AB4E-657684EBBAA8}.Ad-Hoc|x86.Deploy.0 = Debug|Any CPU
		{5D91BBC9-AC96-4E23-AB4E-657684EBBAA8}.AppStore|Any CPU.ActiveCfg = Debug|Any CPU
		{5D91BBC9-AC96-4E23-AB4E-657684EBBAA8}.AppStore|Any CPU.Build.0 = Debug|Any CPU
		{5D91BBC9-AC96-4E23-AB4E-657684EBBAA8}.AppStore|Any CPU.Deploy.0 = Debug|Any CPU
		{5D91BBC9-AC96-4E23-AB4E-657684EBBAA8}.AppStore|ARM.ActiveCfg = Debug|Any CPU
		{5D91BBC9-AC96-4E23-AB4E-657684EBBAA8}.AppStore|ARM.Build.0 = Debug|Any CPU
		{5D91BBC9-AC96-4E23-AB4E-657684EBBAA8}.AppStore|ARM.Deploy.0 = Debug|Any CPU
		{5D91BBC9-AC96-4E23-AB4E-657684EBBAA8}.AppStore|iPhone.ActiveCfg = Debug|Any CPU
		{5D91BBC9-AC96-4E23-AB4E-657684EBBAA8}.AppStore|iPhone.Build.0 = Debug|Any CPU
		{5D91BBC9-AC96-4E23-AB4E-657684EBBAA8}.AppStore|iPhone.Deploy.0 = Debug|Any CPU
		{5D91BBC9-AC96-4E23-AB4E-657684EBBAA8}.AppStore|iPhoneSimulator.ActiveCfg = Debug|Any CPU
		{5D91BBC9-AC96-4E23-AB4E-657684EBBAA8}.AppStore|iPhoneSimulator.Build.0 = Debug|Any CPU
		{5D91BBC9-AC96-4E23-AB4E-657684EBBAA8}.AppStore|iPhoneSimulator.Deploy.0 = Debug|Any CPU
		{5D91BBC9-AC96-4E23-AB4E-657684EBBAA8}.AppStore|x64.ActiveCfg = Debug|Any CPU
		{5D91BBC9-AC96-4E23-AB4E-657684EBBAA8}.AppStore|x64.Build.0 = Debug|Any CPU
		{5D91BBC9-AC96-4E23-AB4E-657684EBBAA8}.AppStore|x64.Deploy.0 = Debug|Any CPU
		{5D91BBC9-AC96-4E23-AB4E-657684EBBAA8}.AppStore|x86.ActiveCfg = Debug|Any CPU
		{5D91BBC9-AC96-4E23-AB4E-657684EBBAA8}.AppStore|x86.Build.0 = Debug|Any CPU
		{5D91BBC9-AC96-4E23-AB4E-657684EBBAA8}.AppStore|x86.Deploy.0 = Debug|Any CPU
		{5D91BBC9-AC96-4E23-AB4E-657684EBBAA8}.Debug|Any CPU.ActiveCfg = Debug|Any CPU
		{5D91BBC9-AC96-4E23-AB4E-657684EBBAA8}.Debug|Any CPU.Build.0 = Debug|Any CPU
		{5D91BBC9-AC96-4E23-AB4E-657684EBBAA8}.Debug|Any CPU.Deploy.0 = Debug|Any CPU
		{5D91BBC9-AC96-4E23-AB4E-657684EBBAA8}.Debug|ARM.ActiveCfg = Debug|Any CPU
		{5D91BBC9-AC96-4E23-AB4E-657684EBBAA8}.Debug|ARM.Build.0 = Debug|Any CPU
		{5D91BBC9-AC96-4E23-AB4E-657684EBBAA8}.Debug|ARM.Deploy.0 = Debug|Any CPU
		{5D91BBC9-AC96-4E23-AB4E-657684EBBAA8}.Debug|iPhone.ActiveCfg = Debug|Any CPU
		{5D91BBC9-AC96-4E23-AB4E-657684EBBAA8}.Debug|iPhone.Build.0 = Debug|Any CPU
		{5D91BBC9-AC96-4E23-AB4E-657684EBBAA8}.Debug|iPhone.Deploy.0 = Debug|Any CPU
		{5D91BBC9-AC96-4E23-AB4E-657684EBBAA8}.Debug|iPhoneSimulator.ActiveCfg = Debug|Any CPU
		{5D91BBC9-AC96-4E23-AB4E-657684EBBAA8}.Debug|iPhoneSimulator.Build.0 = Debug|Any CPU
		{5D91BBC9-AC96-4E23-AB4E-657684EBBAA8}.Debug|iPhoneSimulator.Deploy.0 = Debug|Any CPU
		{5D91BBC9-AC96-4E23-AB4E-657684EBBAA8}.Debug|x64.ActiveCfg = Debug|Any CPU
		{5D91BBC9-AC96-4E23-AB4E-657684EBBAA8}.Debug|x64.Build.0 = Debug|Any CPU
		{5D91BBC9-AC96-4E23-AB4E-657684EBBAA8}.Debug|x64.Deploy.0 = Debug|Any CPU
		{5D91BBC9-AC96-4E23-AB4E-657684EBBAA8}.Debug|x86.ActiveCfg = Debug|Any CPU
		{5D91BBC9-AC96-4E23-AB4E-657684EBBAA8}.Debug|x86.Build.0 = Debug|Any CPU
		{5D91BBC9-AC96-4E23-AB4E-657684EBBAA8}.Debug|x86.Deploy.0 = Debug|Any CPU
		{5D91BBC9-AC96-4E23-AB4E-657684EBBAA8}.Release|Any CPU.ActiveCfg = Release|Any CPU
		{5D91BBC9-AC96-4E23-AB4E-657684EBBAA8}.Release|Any CPU.Build.0 = Release|Any CPU
		{5D91BBC9-AC96-4E23-AB4E-657684EBBAA8}.Release|Any CPU.Deploy.0 = Release|Any CPU
		{5D91BBC9-AC96-4E23-AB4E-657684EBBAA8}.Release|ARM.ActiveCfg = Release|Any CPU
		{5D91BBC9-AC96-4E23-AB4E-657684EBBAA8}.Release|ARM.Build.0 = Release|Any CPU
		{5D91BBC9-AC96-4E23-AB4E-657684EBBAA8}.Release|ARM.Deploy.0 = Release|Any CPU
		{5D91BBC9-AC96-4E23-AB4E-657684EBBAA8}.Release|iPhone.ActiveCfg = Release|Any CPU
		{5D91BBC9-AC96-4E23-AB4E-657684EBBAA8}.Release|iPhone.Build.0 = Release|Any CPU
		{5D91BBC9-AC96-4E23-AB4E-657684EBBAA8}.Release|iPhone.Deploy.0 = Release|Any CPU
		{5D91BBC9-AC96-4E23-AB4E-657684EBBAA8}.Release|iPhoneSimulator.ActiveCfg = Release|Any CPU
		{5D91BBC9-AC96-4E23-AB4E-657684EBBAA8}.Release|iPhoneSimulator.Build.0 = Release|Any CPU
		{5D91BBC9-AC96-4E23-AB4E-657684EBBAA8}.Release|iPhoneSimulator.Deploy.0 = Release|Any CPU
		{5D91BBC9-AC96-4E23-AB4E-657684EBBAA8}.Release|x64.ActiveCfg = Release|Any CPU
		{5D91BBC9-AC96-4E23-AB4E-657684EBBAA8}.Release|x64.Build.0 = Release|Any CPU
		{5D91BBC9-AC96-4E23-AB4E-657684EBBAA8}.Release|x64.Deploy.0 = Release|Any CPU
		{5D91BBC9-AC96-4E23-AB4E-657684EBBAA8}.Release|x86.ActiveCfg = Release|Any CPU
		{5D91BBC9-AC96-4E23-AB4E-657684EBBAA8}.Release|x86.Build.0 = Release|Any CPU
		{5D91BBC9-AC96-4E23-AB4E-657684EBBAA8}.Release|x86.Deploy.0 = Release|Any CPU
		{BD61B276-E59E-41E4-8F2C-4EDF1DF2188D}.Ad-Hoc|Any CPU.ActiveCfg = Release|Any CPU
		{BD61B276-E59E-41E4-8F2C-4EDF1DF2188D}.Ad-Hoc|Any CPU.Build.0 = Release|Any CPU
		{BD61B276-E59E-41E4-8F2C-4EDF1DF2188D}.Ad-Hoc|ARM.ActiveCfg = Release|Any CPU
		{BD61B276-E59E-41E4-8F2C-4EDF1DF2188D}.Ad-Hoc|ARM.Build.0 = Release|Any CPU
		{BD61B276-E59E-41E4-8F2C-4EDF1DF2188D}.Ad-Hoc|iPhone.ActiveCfg = Release|Any CPU
		{BD61B276-E59E-41E4-8F2C-4EDF1DF2188D}.Ad-Hoc|iPhone.Build.0 = Release|Any CPU
		{BD61B276-E59E-41E4-8F2C-4EDF1DF2188D}.Ad-Hoc|iPhoneSimulator.ActiveCfg = Release|Any CPU
		{BD61B276-E59E-41E4-8F2C-4EDF1DF2188D}.Ad-Hoc|iPhoneSimulator.Build.0 = Release|Any CPU
		{BD61B276-E59E-41E4-8F2C-4EDF1DF2188D}.Ad-Hoc|x64.ActiveCfg = Release|Any CPU
		{BD61B276-E59E-41E4-8F2C-4EDF1DF2188D}.Ad-Hoc|x64.Build.0 = Release|Any CPU
		{BD61B276-E59E-41E4-8F2C-4EDF1DF2188D}.Ad-Hoc|x86.ActiveCfg = Release|Any CPU
		{BD61B276-E59E-41E4-8F2C-4EDF1DF2188D}.Ad-Hoc|x86.Build.0 = Release|Any CPU
		{BD61B276-E59E-41E4-8F2C-4EDF1DF2188D}.AppStore|Any CPU.ActiveCfg = Release|Any CPU
		{BD61B276-E59E-41E4-8F2C-4EDF1DF2188D}.AppStore|Any CPU.Build.0 = Release|Any CPU
		{BD61B276-E59E-41E4-8F2C-4EDF1DF2188D}.AppStore|ARM.ActiveCfg = Release|Any CPU
		{BD61B276-E59E-41E4-8F2C-4EDF1DF2188D}.AppStore|ARM.Build.0 = Release|Any CPU
		{BD61B276-E59E-41E4-8F2C-4EDF1DF2188D}.AppStore|iPhone.ActiveCfg = Release|Any CPU
		{BD61B276-E59E-41E4-8F2C-4EDF1DF2188D}.AppStore|iPhone.Build.0 = Release|Any CPU
		{BD61B276-E59E-41E4-8F2C-4EDF1DF2188D}.AppStore|iPhoneSimulator.ActiveCfg = Release|Any CPU
		{BD61B276-E59E-41E4-8F2C-4EDF1DF2188D}.AppStore|iPhoneSimulator.Build.0 = Release|Any CPU
		{BD61B276-E59E-41E4-8F2C-4EDF1DF2188D}.AppStore|x64.ActiveCfg = Release|Any CPU
		{BD61B276-E59E-41E4-8F2C-4EDF1DF2188D}.AppStore|x64.Build.0 = Release|Any CPU
		{BD61B276-E59E-41E4-8F2C-4EDF1DF2188D}.AppStore|x86.ActiveCfg = Release|Any CPU
		{BD61B276-E59E-41E4-8F2C-4EDF1DF2188D}.AppStore|x86.Build.0 = Release|Any CPU
		{BD61B276-E59E-41E4-8F2C-4EDF1DF2188D}.Debug|Any CPU.ActiveCfg = Debug|Any CPU
		{BD61B276-E59E-41E4-8F2C-4EDF1DF2188D}.Debug|Any CPU.Build.0 = Debug|Any CPU
		{BD61B276-E59E-41E4-8F2C-4EDF1DF2188D}.Debug|ARM.ActiveCfg = Debug|Any CPU
		{BD61B276-E59E-41E4-8F2C-4EDF1DF2188D}.Debug|ARM.Build.0 = Debug|Any CPU
		{BD61B276-E59E-41E4-8F2C-4EDF1DF2188D}.Debug|iPhone.ActiveCfg = Debug|Any CPU
		{BD61B276-E59E-41E4-8F2C-4EDF1DF2188D}.Debug|iPhone.Build.0 = Debug|Any CPU
		{BD61B276-E59E-41E4-8F2C-4EDF1DF2188D}.Debug|iPhoneSimulator.ActiveCfg = Debug|Any CPU
		{BD61B276-E59E-41E4-8F2C-4EDF1DF2188D}.Debug|iPhoneSimulator.Build.0 = Debug|Any CPU
		{BD61B276-E59E-41E4-8F2C-4EDF1DF2188D}.Debug|x64.ActiveCfg = Debug|Any CPU
		{BD61B276-E59E-41E4-8F2C-4EDF1DF2188D}.Debug|x64.Build.0 = Debug|Any CPU
		{BD61B276-E59E-41E4-8F2C-4EDF1DF2188D}.Debug|x86.ActiveCfg = Debug|Any CPU
		{BD61B276-E59E-41E4-8F2C-4EDF1DF2188D}.Debug|x86.Build.0 = Debug|Any CPU
		{BD61B276-E59E-41E4-8F2C-4EDF1DF2188D}.Release|Any CPU.ActiveCfg = Release|Any CPU
		{BD61B276-E59E-41E4-8F2C-4EDF1DF2188D}.Release|Any CPU.Build.0 = Release|Any CPU
		{BD61B276-E59E-41E4-8F2C-4EDF1DF2188D}.Release|ARM.ActiveCfg = Release|Any CPU
		{BD61B276-E59E-41E4-8F2C-4EDF1DF2188D}.Release|ARM.Build.0 = Release|Any CPU
		{BD61B276-E59E-41E4-8F2C-4EDF1DF2188D}.Release|iPhone.ActiveCfg = Release|Any CPU
		{BD61B276-E59E-41E4-8F2C-4EDF1DF2188D}.Release|iPhone.Build.0 = Release|Any CPU
		{BD61B276-E59E-41E4-8F2C-4EDF1DF2188D}.Release|iPhoneSimulator.ActiveCfg = Release|Any CPU
		{BD61B276-E59E-41E4-8F2C-4EDF1DF2188D}.Release|iPhoneSimulator.Build.0 = Release|Any CPU
		{BD61B276-E59E-41E4-8F2C-4EDF1DF2188D}.Release|x64.ActiveCfg = Release|Any CPU
		{BD61B276-E59E-41E4-8F2C-4EDF1DF2188D}.Release|x64.Build.0 = Release|Any CPU
		{BD61B276-E59E-41E4-8F2C-4EDF1DF2188D}.Release|x86.ActiveCfg = Release|Any CPU
		{BD61B276-E59E-41E4-8F2C-4EDF1DF2188D}.Release|x86.Build.0 = Release|Any CPU
		{CACB3E1B-A5F2-4462-95CF-25CED4E77A80}.Ad-Hoc|Any CPU.ActiveCfg = Release|Any CPU
		{CACB3E1B-A5F2-4462-95CF-25CED4E77A80}.Ad-Hoc|Any CPU.Build.0 = Release|Any CPU
		{CACB3E1B-A5F2-4462-95CF-25CED4E77A80}.Ad-Hoc|ARM.ActiveCfg = Release|Any CPU
		{CACB3E1B-A5F2-4462-95CF-25CED4E77A80}.Ad-Hoc|ARM.Build.0 = Release|Any CPU
		{CACB3E1B-A5F2-4462-95CF-25CED4E77A80}.Ad-Hoc|iPhone.ActiveCfg = Release|Any CPU
		{CACB3E1B-A5F2-4462-95CF-25CED4E77A80}.Ad-Hoc|iPhone.Build.0 = Release|Any CPU
		{CACB3E1B-A5F2-4462-95CF-25CED4E77A80}.Ad-Hoc|iPhoneSimulator.ActiveCfg = Release|Any CPU
		{CACB3E1B-A5F2-4462-95CF-25CED4E77A80}.Ad-Hoc|iPhoneSimulator.Build.0 = Release|Any CPU
		{CACB3E1B-A5F2-4462-95CF-25CED4E77A80}.Ad-Hoc|x64.ActiveCfg = Release|Any CPU
		{CACB3E1B-A5F2-4462-95CF-25CED4E77A80}.Ad-Hoc|x64.Build.0 = Release|Any CPU
		{CACB3E1B-A5F2-4462-95CF-25CED4E77A80}.Ad-Hoc|x86.ActiveCfg = Release|Any CPU
		{CACB3E1B-A5F2-4462-95CF-25CED4E77A80}.Ad-Hoc|x86.Build.0 = Release|Any CPU
		{CACB3E1B-A5F2-4462-95CF-25CED4E77A80}.AppStore|Any CPU.ActiveCfg = Release|Any CPU
		{CACB3E1B-A5F2-4462-95CF-25CED4E77A80}.AppStore|Any CPU.Build.0 = Release|Any CPU
		{CACB3E1B-A5F2-4462-95CF-25CED4E77A80}.AppStore|ARM.ActiveCfg = Release|Any CPU
		{CACB3E1B-A5F2-4462-95CF-25CED4E77A80}.AppStore|ARM.Build.0 = Release|Any CPU
		{CACB3E1B-A5F2-4462-95CF-25CED4E77A80}.AppStore|iPhone.ActiveCfg = Release|Any CPU
		{CACB3E1B-A5F2-4462-95CF-25CED4E77A80}.AppStore|iPhone.Build.0 = Release|Any CPU
		{CACB3E1B-A5F2-4462-95CF-25CED4E77A80}.AppStore|iPhoneSimulator.ActiveCfg = Release|Any CPU
		{CACB3E1B-A5F2-4462-95CF-25CED4E77A80}.AppStore|iPhoneSimulator.Build.0 = Release|Any CPU
		{CACB3E1B-A5F2-4462-95CF-25CED4E77A80}.AppStore|x64.ActiveCfg = Release|Any CPU
		{CACB3E1B-A5F2-4462-95CF-25CED4E77A80}.AppStore|x64.Build.0 = Release|Any CPU
		{CACB3E1B-A5F2-4462-95CF-25CED4E77A80}.AppStore|x86.ActiveCfg = Release|Any CPU
		{CACB3E1B-A5F2-4462-95CF-25CED4E77A80}.AppStore|x86.Build.0 = Release|Any CPU
		{CACB3E1B-A5F2-4462-95CF-25CED4E77A80}.Debug|Any CPU.ActiveCfg = Debug|Any CPU
		{CACB3E1B-A5F2-4462-95CF-25CED4E77A80}.Debug|Any CPU.Build.0 = Debug|Any CPU
		{CACB3E1B-A5F2-4462-95CF-25CED4E77A80}.Debug|ARM.ActiveCfg = Debug|Any CPU
		{CACB3E1B-A5F2-4462-95CF-25CED4E77A80}.Debug|ARM.Build.0 = Debug|Any CPU
		{CACB3E1B-A5F2-4462-95CF-25CED4E77A80}.Debug|iPhone.ActiveCfg = Debug|Any CPU
		{CACB3E1B-A5F2-4462-95CF-25CED4E77A80}.Debug|iPhone.Build.0 = Debug|Any CPU
		{CACB3E1B-A5F2-4462-95CF-25CED4E77A80}.Debug|iPhoneSimulator.ActiveCfg = Debug|Any CPU
		{CACB3E1B-A5F2-4462-95CF-25CED4E77A80}.Debug|iPhoneSimulator.Build.0 = Debug|Any CPU
		{CACB3E1B-A5F2-4462-95CF-25CED4E77A80}.Debug|x64.ActiveCfg = Debug|Any CPU
		{CACB3E1B-A5F2-4462-95CF-25CED4E77A80}.Debug|x64.Build.0 = Debug|Any CPU
		{CACB3E1B-A5F2-4462-95CF-25CED4E77A80}.Debug|x86.ActiveCfg = Debug|Any CPU
		{CACB3E1B-A5F2-4462-95CF-25CED4E77A80}.Debug|x86.Build.0 = Debug|Any CPU
		{CACB3E1B-A5F2-4462-95CF-25CED4E77A80}.Release|Any CPU.ActiveCfg = Release|Any CPU
		{CACB3E1B-A5F2-4462-95CF-25CED4E77A80}.Release|Any CPU.Build.0 = Release|Any CPU
		{CACB3E1B-A5F2-4462-95CF-25CED4E77A80}.Release|ARM.ActiveCfg = Release|Any CPU
		{CACB3E1B-A5F2-4462-95CF-25CED4E77A80}.Release|ARM.Build.0 = Release|Any CPU
		{CACB3E1B-A5F2-4462-95CF-25CED4E77A80}.Release|iPhone.ActiveCfg = Release|Any CPU
		{CACB3E1B-A5F2-4462-95CF-25CED4E77A80}.Release|iPhone.Build.0 = Release|Any CPU
		{CACB3E1B-A5F2-4462-95CF-25CED4E77A80}.Release|iPhoneSimulator.ActiveCfg = Release|Any CPU
		{CACB3E1B-A5F2-4462-95CF-25CED4E77A80}.Release|iPhoneSimulator.Build.0 = Release|Any CPU
		{CACB3E1B-A5F2-4462-95CF-25CED4E77A80}.Release|x64.ActiveCfg = Release|Any CPU
		{CACB3E1B-A5F2-4462-95CF-25CED4E77A80}.Release|x64.Build.0 = Release|Any CPU
		{CACB3E1B-A5F2-4462-95CF-25CED4E77A80}.Release|x86.ActiveCfg = Release|Any CPU
		{CACB3E1B-A5F2-4462-95CF-25CED4E77A80}.Release|x86.Build.0 = Release|Any CPU
		{EC30EF49-FC29-492A-A52B-E56B2C04F754}.Ad-Hoc|Any CPU.ActiveCfg = Release|Any CPU
		{EC30EF49-FC29-492A-A52B-E56B2C04F754}.Ad-Hoc|Any CPU.Build.0 = Release|Any CPU
		{EC30EF49-FC29-492A-A52B-E56B2C04F754}.Ad-Hoc|ARM.ActiveCfg = Release|Any CPU
		{EC30EF49-FC29-492A-A52B-E56B2C04F754}.Ad-Hoc|ARM.Build.0 = Release|Any CPU
		{EC30EF49-FC29-492A-A52B-E56B2C04F754}.Ad-Hoc|iPhone.ActiveCfg = Release|Any CPU
		{EC30EF49-FC29-492A-A52B-E56B2C04F754}.Ad-Hoc|iPhone.Build.0 = Release|Any CPU
		{EC30EF49-FC29-492A-A52B-E56B2C04F754}.Ad-Hoc|iPhoneSimulator.ActiveCfg = Release|Any CPU
		{EC30EF49-FC29-492A-A52B-E56B2C04F754}.Ad-Hoc|iPhoneSimulator.Build.0 = Release|Any CPU
		{EC30EF49-FC29-492A-A52B-E56B2C04F754}.Ad-Hoc|x64.ActiveCfg = Release|Any CPU
		{EC30EF49-FC29-492A-A52B-E56B2C04F754}.Ad-Hoc|x64.Build.0 = Release|Any CPU
		{EC30EF49-FC29-492A-A52B-E56B2C04F754}.Ad-Hoc|x86.ActiveCfg = Release|Any CPU
		{EC30EF49-FC29-492A-A52B-E56B2C04F754}.Ad-Hoc|x86.Build.0 = Release|Any CPU
		{EC30EF49-FC29-492A-A52B-E56B2C04F754}.AppStore|Any CPU.ActiveCfg = Release|Any CPU
		{EC30EF49-FC29-492A-A52B-E56B2C04F754}.AppStore|Any CPU.Build.0 = Release|Any CPU
		{EC30EF49-FC29-492A-A52B-E56B2C04F754}.AppStore|ARM.ActiveCfg = Release|Any CPU
		{EC30EF49-FC29-492A-A52B-E56B2C04F754}.AppStore|ARM.Build.0 = Release|Any CPU
		{EC30EF49-FC29-492A-A52B-E56B2C04F754}.AppStore|iPhone.ActiveCfg = Release|Any CPU
		{EC30EF49-FC29-492A-A52B-E56B2C04F754}.AppStore|iPhone.Build.0 = Release|Any CPU
		{EC30EF49-FC29-492A-A52B-E56B2C04F754}.AppStore|iPhoneSimulator.ActiveCfg = Release|Any CPU
		{EC30EF49-FC29-492A-A52B-E56B2C04F754}.AppStore|iPhoneSimulator.Build.0 = Release|Any CPU
		{EC30EF49-FC29-492A-A52B-E56B2C04F754}.AppStore|x64.ActiveCfg = Release|Any CPU
		{EC30EF49-FC29-492A-A52B-E56B2C04F754}.AppStore|x64.Build.0 = Release|Any CPU
		{EC30EF49-FC29-492A-A52B-E56B2C04F754}.AppStore|x86.ActiveCfg = Release|Any CPU
		{EC30EF49-FC29-492A-A52B-E56B2C04F754}.AppStore|x86.Build.0 = Release|Any CPU
		{EC30EF49-FC29-492A-A52B-E56B2C04F754}.Debug|Any CPU.ActiveCfg = Debug|Any CPU
		{EC30EF49-FC29-492A-A52B-E56B2C04F754}.Debug|Any CPU.Build.0 = Debug|Any CPU
		{EC30EF49-FC29-492A-A52B-E56B2C04F754}.Debug|ARM.ActiveCfg = Debug|Any CPU
		{EC30EF49-FC29-492A-A52B-E56B2C04F754}.Debug|ARM.Build.0 = Debug|Any CPU
		{EC30EF49-FC29-492A-A52B-E56B2C04F754}.Debug|iPhone.ActiveCfg = Debug|Any CPU
		{EC30EF49-FC29-492A-A52B-E56B2C04F754}.Debug|iPhone.Build.0 = Debug|Any CPU
		{EC30EF49-FC29-492A-A52B-E56B2C04F754}.Debug|iPhoneSimulator.ActiveCfg = Debug|Any CPU
		{EC30EF49-FC29-492A-A52B-E56B2C04F754}.Debug|iPhoneSimulator.Build.0 = Debug|Any CPU
		{EC30EF49-FC29-492A-A52B-E56B2C04F754}.Debug|x64.ActiveCfg = Debug|Any CPU
		{EC30EF49-FC29-492A-A52B-E56B2C04F754}.Debug|x64.Build.0 = Debug|Any CPU
		{EC30EF49-FC29-492A-A52B-E56B2C04F754}.Debug|x86.ActiveCfg = Debug|Any CPU
		{EC30EF49-FC29-492A-A52B-E56B2C04F754}.Debug|x86.Build.0 = Debug|Any CPU
		{EC30EF49-FC29-492A-A52B-E56B2C04F754}.Release|Any CPU.ActiveCfg = Release|Any CPU
		{EC30EF49-FC29-492A-A52B-E56B2C04F754}.Release|Any CPU.Build.0 = Release|Any CPU
		{EC30EF49-FC29-492A-A52B-E56B2C04F754}.Release|ARM.ActiveCfg = Release|Any CPU
		{EC30EF49-FC29-492A-A52B-E56B2C04F754}.Release|ARM.Build.0 = Release|Any CPU
		{EC30EF49-FC29-492A-A52B-E56B2C04F754}.Release|iPhone.ActiveCfg = Release|Any CPU
		{EC30EF49-FC29-492A-A52B-E56B2C04F754}.Release|iPhone.Build.0 = Release|Any CPU
		{EC30EF49-FC29-492A-A52B-E56B2C04F754}.Release|iPhoneSimulator.ActiveCfg = Release|Any CPU
		{EC30EF49-FC29-492A-A52B-E56B2C04F754}.Release|iPhoneSimulator.Build.0 = Release|Any CPU
		{EC30EF49-FC29-492A-A52B-E56B2C04F754}.Release|x64.ActiveCfg = Release|Any CPU
		{EC30EF49-FC29-492A-A52B-E56B2C04F754}.Release|x64.Build.0 = Release|Any CPU
		{EC30EF49-FC29-492A-A52B-E56B2C04F754}.Release|x86.ActiveCfg = Release|Any CPU
		{EC30EF49-FC29-492A-A52B-E56B2C04F754}.Release|x86.Build.0 = Release|Any CPU
		{F8500ACD-CA75-4EB7-80B9-705E0A7A4F84}.Ad-Hoc|Any CPU.ActiveCfg = Release|Any CPU
		{F8500ACD-CA75-4EB7-80B9-705E0A7A4F84}.Ad-Hoc|Any CPU.Build.0 = Release|Any CPU
		{F8500ACD-CA75-4EB7-80B9-705E0A7A4F84}.Ad-Hoc|ARM.ActiveCfg = Release|Any CPU
		{F8500ACD-CA75-4EB7-80B9-705E0A7A4F84}.Ad-Hoc|ARM.Build.0 = Release|Any CPU
		{F8500ACD-CA75-4EB7-80B9-705E0A7A4F84}.Ad-Hoc|iPhone.ActiveCfg = Release|Any CPU
		{F8500ACD-CA75-4EB7-80B9-705E0A7A4F84}.Ad-Hoc|iPhone.Build.0 = Release|Any CPU
		{F8500ACD-CA75-4EB7-80B9-705E0A7A4F84}.Ad-Hoc|iPhoneSimulator.ActiveCfg = Release|Any CPU
		{F8500ACD-CA75-4EB7-80B9-705E0A7A4F84}.Ad-Hoc|iPhoneSimulator.Build.0 = Release|Any CPU
		{F8500ACD-CA75-4EB7-80B9-705E0A7A4F84}.Ad-Hoc|x64.ActiveCfg = Release|Any CPU
		{F8500ACD-CA75-4EB7-80B9-705E0A7A4F84}.Ad-Hoc|x64.Build.0 = Release|Any CPU
		{F8500ACD-CA75-4EB7-80B9-705E0A7A4F84}.Ad-Hoc|x86.ActiveCfg = Release|Any CPU
		{F8500ACD-CA75-4EB7-80B9-705E0A7A4F84}.Ad-Hoc|x86.Build.0 = Release|Any CPU
		{F8500ACD-CA75-4EB7-80B9-705E0A7A4F84}.AppStore|Any CPU.ActiveCfg = Release|Any CPU
		{F8500ACD-CA75-4EB7-80B9-705E0A7A4F84}.AppStore|Any CPU.Build.0 = Release|Any CPU
		{F8500ACD-CA75-4EB7-80B9-705E0A7A4F84}.AppStore|ARM.ActiveCfg = Release|Any CPU
		{F8500ACD-CA75-4EB7-80B9-705E0A7A4F84}.AppStore|ARM.Build.0 = Release|Any CPU
		{F8500ACD-CA75-4EB7-80B9-705E0A7A4F84}.AppStore|iPhone.ActiveCfg = Release|Any CPU
		{F8500ACD-CA75-4EB7-80B9-705E0A7A4F84}.AppStore|iPhone.Build.0 = Release|Any CPU
		{F8500ACD-CA75-4EB7-80B9-705E0A7A4F84}.AppStore|iPhoneSimulator.ActiveCfg = Release|Any CPU
		{F8500ACD-CA75-4EB7-80B9-705E0A7A4F84}.AppStore|iPhoneSimulator.Build.0 = Release|Any CPU
		{F8500ACD-CA75-4EB7-80B9-705E0A7A4F84}.AppStore|x64.ActiveCfg = Release|Any CPU
		{F8500ACD-CA75-4EB7-80B9-705E0A7A4F84}.AppStore|x64.Build.0 = Release|Any CPU
		{F8500ACD-CA75-4EB7-80B9-705E0A7A4F84}.AppStore|x86.ActiveCfg = Release|Any CPU
		{F8500ACD-CA75-4EB7-80B9-705E0A7A4F84}.AppStore|x86.Build.0 = Release|Any CPU
		{F8500ACD-CA75-4EB7-80B9-705E0A7A4F84}.Debug|Any CPU.ActiveCfg = Debug|Any CPU
		{F8500ACD-CA75-4EB7-80B9-705E0A7A4F84}.Debug|Any CPU.Build.0 = Debug|Any CPU
		{F8500ACD-CA75-4EB7-80B9-705E0A7A4F84}.Debug|ARM.ActiveCfg = Debug|Any CPU
		{F8500ACD-CA75-4EB7-80B9-705E0A7A4F84}.Debug|ARM.Build.0 = Debug|Any CPU
		{F8500ACD-CA75-4EB7-80B9-705E0A7A4F84}.Debug|iPhone.ActiveCfg = Debug|Any CPU
		{F8500ACD-CA75-4EB7-80B9-705E0A7A4F84}.Debug|iPhone.Build.0 = Debug|Any CPU
		{F8500ACD-CA75-4EB7-80B9-705E0A7A4F84}.Debug|iPhoneSimulator.ActiveCfg = Debug|Any CPU
		{F8500ACD-CA75-4EB7-80B9-705E0A7A4F84}.Debug|iPhoneSimulator.Build.0 = Debug|Any CPU
		{F8500ACD-CA75-4EB7-80B9-705E0A7A4F84}.Debug|x64.ActiveCfg = Debug|Any CPU
		{F8500ACD-CA75-4EB7-80B9-705E0A7A4F84}.Debug|x64.Build.0 = Debug|Any CPU
		{F8500ACD-CA75-4EB7-80B9-705E0A7A4F84}.Debug|x86.ActiveCfg = Debug|Any CPU
		{F8500ACD-CA75-4EB7-80B9-705E0A7A4F84}.Debug|x86.Build.0 = Debug|Any CPU
		{F8500ACD-CA75-4EB7-80B9-705E0A7A4F84}.Release|Any CPU.ActiveCfg = Release|Any CPU
		{F8500ACD-CA75-4EB7-80B9-705E0A7A4F84}.Release|Any CPU.Build.0 = Release|Any CPU
		{F8500ACD-CA75-4EB7-80B9-705E0A7A4F84}.Release|ARM.ActiveCfg = Release|Any CPU
		{F8500ACD-CA75-4EB7-80B9-705E0A7A4F84}.Release|ARM.Build.0 = Release|Any CPU
		{F8500ACD-CA75-4EB7-80B9-705E0A7A4F84}.Release|iPhone.ActiveCfg = Release|Any CPU
		{F8500ACD-CA75-4EB7-80B9-705E0A7A4F84}.Release|iPhone.Build.0 = Release|Any CPU
		{F8500ACD-CA75-4EB7-80B9-705E0A7A4F84}.Release|iPhoneSimulator.ActiveCfg = Release|Any CPU
		{F8500ACD-CA75-4EB7-80B9-705E0A7A4F84}.Release|iPhoneSimulator.Build.0 = Release|Any CPU
		{F8500ACD-CA75-4EB7-80B9-705E0A7A4F84}.Release|x64.ActiveCfg = Release|Any CPU
		{F8500ACD-CA75-4EB7-80B9-705E0A7A4F84}.Release|x64.Build.0 = Release|Any CPU
		{F8500ACD-CA75-4EB7-80B9-705E0A7A4F84}.Release|x86.ActiveCfg = Release|Any CPU
		{F8500ACD-CA75-4EB7-80B9-705E0A7A4F84}.Release|x86.Build.0 = Release|Any CPU
	EndGlobalSection
	GlobalSection(SolutionProperties) = preSolution
		HideSolutionNode = FALSE
	EndGlobalSection
	GlobalSection(ExtensibilityGlobals) = postSolution
		SolutionGuid = {3D6E857A-3538-49F5-88C9-A9C043F83204}
	EndGlobalSection
EndGlobal
